// !$*UTF8*$!
{
	archiveVersion = 1;
	classes = {
	};
	objectVersion = 48;
	objects = {

/* Begin PBXBuildFile section */
		B50F79561FF2248D000D6015 /* tar in Resources */ = {isa = PBXBuildFile; fileRef = B50F793F1FF2248A000D6015 /* tar */; };
		B50F79571FF2248D000D6015 /* patchfinder64.c in Sources */ = {isa = PBXBuildFile; fileRef = B50F79401FF2248B000D6015 /* patchfinder64.c */; };
		B50F79581FF2248D000D6015 /* symbols.m in Sources */ = {isa = PBXBuildFile; fileRef = B50F79411FF2248B000D6015 /* symbols.m */; };
		B50F795A1FF2248D000D6015 /* dropbear in Resources */ = {isa = PBXBuildFile; fileRef = B50F79441FF2248B000D6015 /* dropbear */; };
		B50F795C1FF2248D000D6015 /* root-rw.m in Sources */ = {isa = PBXBuildFile; fileRef = B50F79461FF2248B000D6015 /* root-rw.m */; };
		B50F795D1FF2248D000D6015 /* CreditsController.m in Sources */ = {isa = PBXBuildFile; fileRef = B50F79471FF2248B000D6015 /* CreditsController.m */; };
		B50F795F1FF2248D000D6015 /* bootstrap.tar in Resources */ = {isa = PBXBuildFile; fileRef = B50F79491FF2248B000D6015 /* bootstrap.tar */; };
		B50F79601FF2248D000D6015 /* AppDelegate.m in Sources */ = {isa = PBXBuildFile; fileRef = B50F794A1FF2248B000D6015 /* AppDelegate.m */; };
		B50F79611FF2248D000D6015 /* bash in Resources */ = {isa = PBXBuildFile; fileRef = B50F794B1FF2248C000D6015 /* bash */; };
		B50F79631FF2248D000D6015 /* kernel.m in Sources */ = {isa = PBXBuildFile; fileRef = B50F794F1FF2248C000D6015 /* kernel.m */; };
		B50F79641FF2248D000D6015 /* amfi.m in Sources */ = {isa = PBXBuildFile; fileRef = B50F79531FF2248D000D6015 /* amfi.m */; };
		B514CC811FECD788005F4E6B /* Main.storyboard in Resources */ = {isa = PBXBuildFile; fileRef = B514CC7F1FECD788005F4E6B /* Main.storyboard */; };
		B514CC831FECD788005F4E6B /* Assets.xcassets in Resources */ = {isa = PBXBuildFile; fileRef = B514CC821FECD788005F4E6B /* Assets.xcassets */; };
		B514CC861FECD788005F4E6B /* LaunchScreen.storyboard in Resources */ = {isa = PBXBuildFile; fileRef = B514CC841FECD788005F4E6B /* LaunchScreen.storyboard */; };
		B514CC901FECDC71005F4E6B /* ViewController.m in Sources */ = {isa = PBXBuildFile; fileRef = B514CC8F1FECDC71005F4E6B /* ViewController.m */; };
		B53DA78D1FF6587000747ED7 /* cydia.tar in Resources */ = {isa = PBXBuildFile; fileRef = B53DA78C1FF6587000747ED7 /* cydia.tar */; };
		B53DA79B1FF65CAD00747ED7 /* iPhone6,1 in Resources */ = {isa = PBXBuildFile; fileRef = B53DA78F1FF65CAC00747ED7 /* iPhone6,1 */; };
		B53DA79C1FF65CAD00747ED7 /* iPhone6,2 in Resources */ = {isa = PBXBuildFile; fileRef = B53DA7901FF65CAC00747ED7 /* iPhone6,2 */; };
		B53DA79D1FF65CAD00747ED7 /* iPhone7,1 in Resources */ = {isa = PBXBuildFile; fileRef = B53DA7911FF65CAC00747ED7 /* iPhone7,1 */; };
		B53DA79E1FF65CAD00747ED7 /* iPhone8,1 in Resources */ = {isa = PBXBuildFile; fileRef = B53DA7921FF65CAC00747ED7 /* iPhone8,1 */; };
		B53DA79F1FF65CAD00747ED7 /* iPhone8,2 in Resources */ = {isa = PBXBuildFile; fileRef = B53DA7931FF65CAD00747ED7 /* iPhone8,2 */; };
		B53DA7A01FF65CAD00747ED7 /* iPhone7,2 in Resources */ = {isa = PBXBuildFile; fileRef = B53DA7941FF65CAD00747ED7 /* iPhone7,2 */; };
		B53DA7A11FF65CAD00747ED7 /* iPhone8,4 in Resources */ = {isa = PBXBuildFile; fileRef = B53DA7951FF65CAD00747ED7 /* iPhone8,4 */; };
		B53DA7A21FF65CAD00747ED7 /* iPhone9,1 in Resources */ = {isa = PBXBuildFile; fileRef = B53DA7961FF65CAD00747ED7 /* iPhone9,1 */; };
		B53DA7A31FF65CAD00747ED7 /* iPod7,1 in Resources */ = {isa = PBXBuildFile; fileRef = B53DA7971FF65CAD00747ED7 /* iPod7,1 */; };
		B53DA7A41FF65CAD00747ED7 /* iPhone9,3 in Resources */ = {isa = PBXBuildFile; fileRef = B53DA7981FF65CAD00747ED7 /* iPhone9,3 */; };
		B53DA7A51FF65CAD00747ED7 /* iPhone9,2 in Resources */ = {isa = PBXBuildFile; fileRef = B53DA7991FF65CAD00747ED7 /* iPhone9,2 */; };
		B53DA7A61FF65CAD00747ED7 /* iPhone9,4 in Resources */ = {isa = PBXBuildFile; fileRef = B53DA79A1FF65CAD00747ED7 /* iPhone9,4 */; };
		B5B7C2A01FF2BA100087619A /* main.m in Sources */ = {isa = PBXBuildFile; fileRef = B5B7C29F1FF2BA100087619A /* main.m */; };
		B5B7C2A71FF2C6300087619A /* libjb.a in Frameworks */ = {isa = PBXBuildFile; fileRef = B5B7C2A51FF2C6300087619A /* libjb.a */; };
		B5B7C2AB1FF2C7860087619A /* IOKit.framework in Frameworks */ = {isa = PBXBuildFile; fileRef = B5B7C2AA1FF2C7860087619A /* IOKit.framework */; };
		B5B7C2B71FF353980087619A /* v0rtex.m in Resources */ = {isa = PBXBuildFile; fileRef = B5B7C2B51FF353970087619A /* v0rtex.m */; };
		B5B7C2B81FF353980087619A /* v0rtex.h in Resources */ = {isa = PBXBuildFile; fileRef = B5B7C2B61FF353980087619A /* v0rtex.h */; };
		B5B7C2B91FF353C50087619A /* v0rtex.m in Sources */ = {isa = PBXBuildFile; fileRef = B5B7C2B51FF353970087619A /* v0rtex.m */; };
		B5B7C2BB1FF3586B0087619A /* v0rtex.m.new in Sources */ = {isa = PBXBuildFile; fileRef = B5B7C2BA1FF3586B0087619A /* v0rtex.m.new */; };
/* End PBXBuildFile section */

/* Begin PBXFileReference section */
		B50F79391FF2248A000D6015 /* CreditsController.h */ = {isa = PBXFileReference; fileEncoding = 4; lastKnownFileType = sourcecode.c.h; path = CreditsController.h; sourceTree = "<group>"; };
		B50F793B1FF2248A000D6015 /* common.h */ = {isa = PBXFileReference; fileEncoding = 4; lastKnownFileType = sourcecode.c.h; path = common.h; sourceTree = "<group>"; };
		B50F793F1FF2248A000D6015 /* tar */ = {isa = PBXFileReference; lastKnownFileType = "compiled.mach-o.executable"; path = tar; sourceTree = "<group>"; };
		B50F79401FF2248B000D6015 /* patchfinder64.c */ = {isa = PBXFileReference; fileEncoding = 4; lastKnownFileType = sourcecode.c.c; path = patchfinder64.c; sourceTree = "<group>"; };
		B50F79411FF2248B000D6015 /* symbols.m */ = {isa = PBXFileReference; fileEncoding = 4; lastKnownFileType = sourcecode.c.objc; path = symbols.m; sourceTree = "<group>"; };
		B50F79441FF2248B000D6015 /* dropbear */ = {isa = PBXFileReference; lastKnownFileType = "compiled.mach-o.executable"; path = dropbear; sourceTree = "<group>"; };
		B50F79461FF2248B000D6015 /* root-rw.m */ = {isa = PBXFileReference; fileEncoding = 4; lastKnownFileType = sourcecode.c.objc; path = "root-rw.m"; sourceTree = "<group>"; };
		B50F79471FF2248B000D6015 /* CreditsController.m */ = {isa = PBXFileReference; fileEncoding = 4; lastKnownFileType = sourcecode.c.objc; path = CreditsController.m; sourceTree = "<group>"; };
		B50F79481FF2248B000D6015 /* main.m */ = {isa = PBXFileReference; fileEncoding = 4; lastKnownFileType = sourcecode.c.objc; path = main.m; sourceTree = "<group>"; };
		B50F79491FF2248B000D6015 /* bootstrap.tar */ = {isa = PBXFileReference; lastKnownFileType = archive.tar; path = bootstrap.tar; sourceTree = "<group>"; };
		B50F794A1FF2248B000D6015 /* AppDelegate.m */ = {isa = PBXFileReference; fileEncoding = 4; lastKnownFileType = sourcecode.c.objc; path = AppDelegate.m; sourceTree = "<group>"; };
		B50F794B1FF2248C000D6015 /* bash */ = {isa = PBXFileReference; lastKnownFileType = "compiled.mach-o.executable"; path = bash; sourceTree = "<group>"; };
		B50F794C1FF2248C000D6015 /* patchfinder64.h */ = {isa = PBXFileReference; fileEncoding = 4; lastKnownFileType = sourcecode.c.h; path = patchfinder64.h; sourceTree = "<group>"; };
		B50F794E1FF2248C000D6015 /* amfi.h */ = {isa = PBXFileReference; fileEncoding = 4; lastKnownFileType = sourcecode.c.h; path = amfi.h; sourceTree = "<group>"; };
		B50F794F1FF2248C000D6015 /* kernel.m */ = {isa = PBXFileReference; fileEncoding = 4; lastKnownFileType = sourcecode.c.objc; path = kernel.m; sourceTree = "<group>"; };
		B50F79501FF2248C000D6015 /* symbols.h */ = {isa = PBXFileReference; fileEncoding = 4; lastKnownFileType = sourcecode.c.h; path = symbols.h; sourceTree = "<group>"; };
		B50F79511FF2248C000D6015 /* kernel.h */ = {isa = PBXFileReference; fileEncoding = 4; lastKnownFileType = sourcecode.c.h; path = kernel.h; sourceTree = "<group>"; };
		B50F79521FF2248C000D6015 /* root-rw.h */ = {isa = PBXFileReference; fileEncoding = 4; lastKnownFileType = sourcecode.c.h; path = "root-rw.h"; sourceTree = "<group>"; };
		B50F79531FF2248D000D6015 /* amfi.m */ = {isa = PBXFileReference; fileEncoding = 4; lastKnownFileType = sourcecode.c.objc; path = amfi.m; sourceTree = "<group>"; };
		B50F79651FF224B4000D6015 /* BinPackCreator */ = {isa = PBXFileReference; lastKnownFileType = folder; name = BinPackCreator; path = ../BinPackCreator; sourceTree = "<group>"; };
		B514CC761FECD788005F4E6B /* Meridian.app */ = {isa = PBXFileReference; explicitFileType = wrapper.application; includeInIndex = 0; path = Meridian.app; sourceTree = BUILT_PRODUCTS_DIR; };
		B514CC791FECD788005F4E6B /* AppDelegate.h */ = {isa = PBXFileReference; lastKnownFileType = sourcecode.c.h; path = AppDelegate.h; sourceTree = "<group>"; };
		B514CC7C1FECD788005F4E6B /* ViewController.h */ = {isa = PBXFileReference; lastKnownFileType = sourcecode.c.h; path = ViewController.h; sourceTree = "<group>"; };
		B514CC801FECD788005F4E6B /* Base */ = {isa = PBXFileReference; lastKnownFileType = file.storyboard; name = Base; path = Base.lproj/Main.storyboard; sourceTree = "<group>"; };
		B514CC821FECD788005F4E6B /* Assets.xcassets */ = {isa = PBXFileReference; lastKnownFileType = folder.assetcatalog; path = Assets.xcassets; sourceTree = "<group>"; };
		B514CC851FECD788005F4E6B /* Base */ = {isa = PBXFileReference; lastKnownFileType = file.storyboard; name = Base; path = Base.lproj/LaunchScreen.storyboard; sourceTree = "<group>"; };
		B514CC871FECD788005F4E6B /* Info.plist */ = {isa = PBXFileReference; lastKnownFileType = text.plist.xml; path = Info.plist; sourceTree = "<group>"; };
		B514CC8F1FECDC71005F4E6B /* ViewController.m */ = {isa = PBXFileReference; fileEncoding = 4; lastKnownFileType = sourcecode.c.objc; path = ViewController.m; sourceTree = "<group>"; };
		B53DA78C1FF6587000747ED7 /* cydia.tar */ = {isa = PBXFileReference; lastKnownFileType = archive.tar; path = cydia.tar; sourceTree = "<group>"; };
		B53DA78F1FF65CAC00747ED7 /* iPhone6,1 */ = {isa = PBXFileReference; lastKnownFileType = folder; path = "iPhone6,1"; sourceTree = "<group>"; };
		B53DA7901FF65CAC00747ED7 /* iPhone6,2 */ = {isa = PBXFileReference; lastKnownFileType = folder; path = "iPhone6,2"; sourceTree = "<group>"; };
		B53DA7911FF65CAC00747ED7 /* iPhone7,1 */ = {isa = PBXFileReference; lastKnownFileType = folder; path = "iPhone7,1"; sourceTree = "<group>"; };
		B53DA7921FF65CAC00747ED7 /* iPhone8,1 */ = {isa = PBXFileReference; lastKnownFileType = folder; path = "iPhone8,1"; sourceTree = "<group>"; };
		B53DA7931FF65CAD00747ED7 /* iPhone8,2 */ = {isa = PBXFileReference; lastKnownFileType = folder; path = "iPhone8,2"; sourceTree = "<group>"; };
		B53DA7941FF65CAD00747ED7 /* iPhone7,2 */ = {isa = PBXFileReference; lastKnownFileType = folder; path = "iPhone7,2"; sourceTree = "<group>"; };
		B53DA7951FF65CAD00747ED7 /* iPhone8,4 */ = {isa = PBXFileReference; lastKnownFileType = folder; path = "iPhone8,4"; sourceTree = "<group>"; };
		B53DA7961FF65CAD00747ED7 /* iPhone9,1 */ = {isa = PBXFileReference; lastKnownFileType = folder; path = "iPhone9,1"; sourceTree = "<group>"; };
		B53DA7971FF65CAD00747ED7 /* iPod7,1 */ = {isa = PBXFileReference; lastKnownFileType = folder; path = "iPod7,1"; sourceTree = "<group>"; };
		B53DA7981FF65CAD00747ED7 /* iPhone9,3 */ = {isa = PBXFileReference; lastKnownFileType = folder; path = "iPhone9,3"; sourceTree = "<group>"; };
		B53DA7991FF65CAD00747ED7 /* iPhone9,2 */ = {isa = PBXFileReference; lastKnownFileType = folder; path = "iPhone9,2"; sourceTree = "<group>"; };
		B53DA79A1FF65CAD00747ED7 /* iPhone9,4 */ = {isa = PBXFileReference; lastKnownFileType = folder; path = "iPhone9,4"; sourceTree = "<group>"; };
		B5B7C29F1FF2BA100087619A /* main.m */ = {isa = PBXFileReference; fileEncoding = 4; lastKnownFileType = sourcecode.c.objc; path = main.m; sourceTree = "<group>"; };
		B5B7C2A51FF2C6300087619A /* libjb.a */ = {isa = PBXFileReference; lastKnownFileType = archive.ar; path = libjb.a; sourceTree = "<group>"; };
		B5B7C2A61FF2C6300087619A /* libjb.h */ = {isa = PBXFileReference; fileEncoding = 4; lastKnownFileType = sourcecode.c.h; path = libjb.h; sourceTree = "<group>"; };
		B5B7C2A81FF2C7700087619A /* IOKit */ = {isa = PBXFileReference; lastKnownFileType = "compiled.mach-o.dylib"; name = IOKit; path = ../../../../../../System/Library/Frameworks/IOKit.framework/Versions/A/IOKit; sourceTree = "<group>"; };
		B5B7C2AA1FF2C7860087619A /* IOKit.framework */ = {isa = PBXFileReference; lastKnownFileType = wrapper.framework; name = IOKit.framework; path = ../../../../../../System/Library/Frameworks/IOKit.framework; sourceTree = "<group>"; };
		B5B7C2B51FF353970087619A /* v0rtex.m */ = {isa = PBXFileReference; fileEncoding = 4; lastKnownFileType = sourcecode.c.objc; path = v0rtex.m; sourceTree = "<group>"; };
		B5B7C2B61FF353980087619A /* v0rtex.h */ = {isa = PBXFileReference; fileEncoding = 4; lastKnownFileType = sourcecode.c.h; path = v0rtex.h; sourceTree = "<group>"; };
		B5B7C2BA1FF3586B0087619A /* v0rtex.m.new */ = {isa = PBXFileReference; fileEncoding = 4; lastKnownFileType = text; path = v0rtex.m.new; sourceTree = "<group>"; };
		B5B7C2BC1FF3586E0087619A /* v0rtex.h.new */ = {isa = PBXFileReference; lastKnownFileType = text; path = v0rtex.h.new; sourceTree = "<group>"; };
/* End PBXFileReference section */

/* Begin PBXFrameworksBuildPhase section */
		B514CC731FECD788005F4E6B /* Frameworks */ = {
			isa = PBXFrameworksBuildPhase;
			buildActionMask = 2147483647;
			files = (
				B5B7C2AB1FF2C7860087619A /* IOKit.framework in Frameworks */,
				B5B7C2A71FF2C6300087619A /* libjb.a in Frameworks */,
			);
			runOnlyForDeploymentPostprocessing = 0;
		};
/* End PBXFrameworksBuildPhase section */

/* Begin PBXGroup section */
		B50F79671FF224F0000D6015 /* Frontend */ = {
			isa = PBXGroup;
			children = (
				B514CC871FECD788005F4E6B /* Info.plist */,
				B514CC791FECD788005F4E6B /* AppDelegate.h */,
				B50F794A1FF2248B000D6015 /* AppDelegate.m */,
				B514CC7C1FECD788005F4E6B /* ViewController.h */,
				B514CC8F1FECDC71005F4E6B /* ViewController.m */,
				B50F79391FF2248A000D6015 /* CreditsController.h */,
				B50F79471FF2248B000D6015 /* CreditsController.m */,
				B514CC821FECD788005F4E6B /* Assets.xcassets */,
				B514CC7F1FECD788005F4E6B /* Main.storyboard */,
				B514CC841FECD788005F4E6B /* LaunchScreen.storyboard */,
			);
			path = Frontend;
			sourceTree = "<group>";
		};
		B514CC6D1FECD787005F4E6B = {
			isa = PBXGroup;
			children = (
				B50F79651FF224B4000D6015 /* BinPackCreator */,
				B514CC781FECD788005F4E6B /* Meridian */,
				B514CC771FECD788005F4E6B /* Products */,
				B5C368AD1FF2B80400D7724F /* Recovered References */,
				B5B7C2A31FF2C5CE0087619A /* Frameworks */,
			);
			sourceTree = "<group>";
		};
		B514CC771FECD788005F4E6B /* Products */ = {
			isa = PBXGroup;
			children = (
				B514CC761FECD788005F4E6B /* Meridian.app */,
			);
			name = Products;
			sourceTree = "<group>";
		};
		B514CC781FECD788005F4E6B /* Meridian */ = {
			isa = PBXGroup;
			children = (
				B50F79671FF224F0000D6015 /* Frontend */,
				B53DA78E1FF65C9B00747ED7 /* Offsets */,
				B50F794B1FF2248C000D6015 /* bash */,
				B50F79491FF2248B000D6015 /* bootstrap.tar */,
				B53DA78C1FF6587000747ED7 /* cydia.tar */,
				B50F79441FF2248B000D6015 /* dropbear */,
				B50F793F1FF2248A000D6015 /* tar */,
				B5B7C29F1FF2BA100087619A /* main.m */,
				B50F793B1FF2248A000D6015 /* common.h */,
				B50F794E1FF2248C000D6015 /* amfi.h */,
				B50F79531FF2248D000D6015 /* amfi.m */,
				B50F79511FF2248C000D6015 /* kernel.h */,
				B50F794F1FF2248C000D6015 /* kernel.m */,
				B5B7C2A51FF2C6300087619A /* libjb.a */,
				B5B7C2A61FF2C6300087619A /* libjb.h */,
				B50F79401FF2248B000D6015 /* patchfinder64.c */,
				B50F794C1FF2248C000D6015 /* patchfinder64.h */,
				B50F79521FF2248C000D6015 /* root-rw.h */,
				B50F79461FF2248B000D6015 /* root-rw.m */,
				B50F79501FF2248C000D6015 /* symbols.h */,
				B50F79411FF2248B000D6015 /* symbols.m */,
				B5B7C2B61FF353980087619A /* v0rtex.h */,
				B5B7C2B51FF353970087619A /* v0rtex.m */,
				B5B7C2BC1FF3586E0087619A /* v0rtex.h.new */,
				B5B7C2BA1FF3586B0087619A /* v0rtex.m.new */,
			);
			path = Meridian;
			sourceTree = "<group>";
		};
		B53DA78E1FF65C9B00747ED7 /* Offsets */ = {
			isa = PBXGroup;
			children = (
				B53DA78F1FF65CAC00747ED7 /* iPhone6,1 */,
				B53DA7901FF65CAC00747ED7 /* iPhone6,2 */,
				B53DA7911FF65CAC00747ED7 /* iPhone7,1 */,
				B53DA7941FF65CAD00747ED7 /* iPhone7,2 */,
				B53DA7921FF65CAC00747ED7 /* iPhone8,1 */,
				B53DA7931FF65CAD00747ED7 /* iPhone8,2 */,
				B53DA7951FF65CAD00747ED7 /* iPhone8,4 */,
				B53DA7961FF65CAD00747ED7 /* iPhone9,1 */,
				B53DA7991FF65CAD00747ED7 /* iPhone9,2 */,
				B53DA7981FF65CAD00747ED7 /* iPhone9,3 */,
				B53DA79A1FF65CAD00747ED7 /* iPhone9,4 */,
				B53DA7971FF65CAD00747ED7 /* iPod7,1 */,
			);
			path = Offsets;
			sourceTree = "<group>";
		};
		B5B7C2A31FF2C5CE0087619A /* Frameworks */ = {
			isa = PBXGroup;
			children = (
				B5B7C2AA1FF2C7860087619A /* IOKit.framework */,
				B5B7C2A81FF2C7700087619A /* IOKit */,
			);
			name = Frameworks;
			sourceTree = "<group>";
		};
		B5C368AD1FF2B80400D7724F /* Recovered References */ = {
			isa = PBXGroup;
			children = (
				B50F79481FF2248B000D6015 /* main.m */,
			);
			name = "Recovered References";
			sourceTree = "<group>";
		};
/* End PBXGroup section */

/* Begin PBXNativeTarget section */
		B514CC751FECD788005F4E6B /* Meridian */ = {
			isa = PBXNativeTarget;
			buildConfigurationList = B514CC8C1FECD788005F4E6B /* Build configuration list for PBXNativeTarget "Meridian" */;
			buildPhases = (
				B514CC721FECD788005F4E6B /* Sources */,
				B514CC731FECD788005F4E6B /* Frameworks */,
				B514CC741FECD788005F4E6B /* Resources */,
			);
			buildRules = (
			);
			dependencies = (
			);
			name = Meridian;
			productName = Meridian;
			productReference = B514CC761FECD788005F4E6B /* Meridian.app */;
			productType = "com.apple.product-type.application";
		};
/* End PBXNativeTarget section */

/* Begin PBXProject section */
		B514CC6E1FECD787005F4E6B /* Project object */ = {
			isa = PBXProject;
			attributes = {
				LastUpgradeCheck = 0920;
				ORGANIZATIONNAME = "Ben Sparkes";
				TargetAttributes = {
					B514CC751FECD788005F4E6B = {
						CreatedOnToolsVersion = 9.2;
						ProvisioningStyle = Automatic;
					};
				};
			};
			buildConfigurationList = B514CC711FECD787005F4E6B /* Build configuration list for PBXProject "Meridian" */;
			compatibilityVersion = "Xcode 8.0";
			developmentRegion = en;
			hasScannedForEncodings = 0;
			knownRegions = (
				en,
				Base,
			);
			mainGroup = B514CC6D1FECD787005F4E6B;
			productRefGroup = B514CC771FECD788005F4E6B /* Products */;
			projectDirPath = "";
			projectRoot = "";
			targets = (
				B514CC751FECD788005F4E6B /* Meridian */,
			);
		};
/* End PBXProject section */

/* Begin PBXResourcesBuildPhase section */
		B514CC741FECD788005F4E6B /* Resources */ = {
			isa = PBXResourcesBuildPhase;
			buildActionMask = 2147483647;
			files = (
				B53DA7A41FF65CAD00747ED7 /* iPhone9,3 in Resources */,
				B53DA79F1FF65CAD00747ED7 /* iPhone8,2 in Resources */,
				B53DA7A01FF65CAD00747ED7 /* iPhone7,2 in Resources */,
				B53DA79C1FF65CAD00747ED7 /* iPhone6,2 in Resources */,
				B53DA7A11FF65CAD00747ED7 /* iPhone8,4 in Resources */,
				B53DA79E1FF65CAD00747ED7 /* iPhone8,1 in Resources */,
				B53DA79D1FF65CAD00747ED7 /* iPhone7,1 in Resources */,
				B53DA7A21FF65CAD00747ED7 /* iPhone9,1 in Resources */,
				B50F79611FF2248D000D6015 /* bash in Resources */,
				B50F795F1FF2248D000D6015 /* bootstrap.tar in Resources */,
				B514CC861FECD788005F4E6B /* LaunchScreen.storyboard in Resources */,
				B53DA79B1FF65CAD00747ED7 /* iPhone6,1 in Resources */,
				B50F795A1FF2248D000D6015 /* dropbear in Resources */,
				B53DA7A31FF65CAD00747ED7 /* iPod7,1 in Resources */,
				B5B7C2B81FF353980087619A /* v0rtex.h in Resources */,
				B5B7C2B71FF353980087619A /* v0rtex.m in Resources */,
				B53DA78D1FF6587000747ED7 /* cydia.tar in Resources */,
				B514CC831FECD788005F4E6B /* Assets.xcassets in Resources */,
				B53DA7A51FF65CAD00747ED7 /* iPhone9,2 in Resources */,
				B53DA7A61FF65CAD00747ED7 /* iPhone9,4 in Resources */,
				B514CC811FECD788005F4E6B /* Main.storyboard in Resources */,
				B50F79561FF2248D000D6015 /* tar in Resources */,
			);
			runOnlyForDeploymentPostprocessing = 0;
		};
/* End PBXResourcesBuildPhase section */

/* Begin PBXSourcesBuildPhase section */
		B514CC721FECD788005F4E6B /* Sources */ = {
			isa = PBXSourcesBuildPhase;
			buildActionMask = 2147483647;
			files = (
				B5B7C2B91FF353C50087619A /* v0rtex.m in Sources */,
				B5B7C2A01FF2BA100087619A /* main.m in Sources */,
				B50F79641FF2248D000D6015 /* amfi.m in Sources */,
				B50F79631FF2248D000D6015 /* kernel.m in Sources */,
				B50F79601FF2248D000D6015 /* AppDelegate.m in Sources */,
				B50F795D1FF2248D000D6015 /* CreditsController.m in Sources */,
				B50F79581FF2248D000D6015 /* symbols.m in Sources */,
				B514CC901FECDC71005F4E6B /* ViewController.m in Sources */,
				B50F79571FF2248D000D6015 /* patchfinder64.c in Sources */,
				B5B7C2BB1FF3586B0087619A /* v0rtex.m.new in Sources */,
				B50F795C1FF2248D000D6015 /* root-rw.m in Sources */,
			);
			runOnlyForDeploymentPostprocessing = 0;
		};
/* End PBXSourcesBuildPhase section */

/* Begin PBXVariantGroup section */
		B514CC7F1FECD788005F4E6B /* Main.storyboard */ = {
			isa = PBXVariantGroup;
			children = (
				B514CC801FECD788005F4E6B /* Base */,
			);
			name = Main.storyboard;
			sourceTree = "<group>";
		};
		B514CC841FECD788005F4E6B /* LaunchScreen.storyboard */ = {
			isa = PBXVariantGroup;
			children = (
				B514CC851FECD788005F4E6B /* Base */,
			);
			name = LaunchScreen.storyboard;
			sourceTree = "<group>";
		};
/* End PBXVariantGroup section */

/* Begin XCBuildConfiguration section */
		B514CC8A1FECD788005F4E6B /* Debug */ = {
			isa = XCBuildConfiguration;
			buildSettings = {
				ALWAYS_SEARCH_USER_PATHS = NO;
				CLANG_ANALYZER_NONNULL = YES;
				CLANG_ANALYZER_NUMBER_OBJECT_CONVERSION = YES_AGGRESSIVE;
				CLANG_CXX_LANGUAGE_STANDARD = "gnu++14";
				CLANG_CXX_LIBRARY = "libc++";
				CLANG_ENABLE_MODULES = YES;
				CLANG_ENABLE_OBJC_ARC = YES;
				CLANG_WARN_BLOCK_CAPTURE_AUTORELEASING = YES;
				CLANG_WARN_BOOL_CONVERSION = YES;
				CLANG_WARN_COMMA = YES;
				CLANG_WARN_CONSTANT_CONVERSION = YES;
				CLANG_WARN_DIRECT_OBJC_ISA_USAGE = YES_ERROR;
				CLANG_WARN_DOCUMENTATION_COMMENTS = YES;
				CLANG_WARN_EMPTY_BODY = YES;
				CLANG_WARN_ENUM_CONVERSION = YES;
				CLANG_WARN_INFINITE_RECURSION = YES;
				CLANG_WARN_INT_CONVERSION = YES;
				CLANG_WARN_NON_LITERAL_NULL_CONVERSION = YES;
				CLANG_WARN_OBJC_LITERAL_CONVERSION = YES;
				CLANG_WARN_OBJC_ROOT_CLASS = YES_ERROR;
				CLANG_WARN_RANGE_LOOP_ANALYSIS = YES;
				CLANG_WARN_STRICT_PROTOTYPES = YES;
				CLANG_WARN_SUSPICIOUS_MOVE = YES;
				CLANG_WARN_UNGUARDED_AVAILABILITY = YES_AGGRESSIVE;
				CLANG_WARN_UNREACHABLE_CODE = YES;
				CLANG_WARN__DUPLICATE_METHOD_MATCH = YES;
				CODE_SIGN_IDENTITY = "iPhone Developer";
				COPY_PHASE_STRIP = NO;
				DEBUG_INFORMATION_FORMAT = dwarf;
				ENABLE_STRICT_OBJC_MSGSEND = YES;
				ENABLE_TESTABILITY = YES;
				GCC_C_LANGUAGE_STANDARD = gnu11;
				GCC_DYNAMIC_NO_PIC = NO;
				GCC_NO_COMMON_BLOCKS = YES;
				GCC_OPTIMIZATION_LEVEL = 0;
				GCC_PREPROCESSOR_DEFINITIONS = (
					"DEBUG=1",
					"$(inherited)",
				);
				GCC_WARN_64_TO_32_BIT_CONVERSION = YES;
				GCC_WARN_ABOUT_RETURN_TYPE = YES_ERROR;
				GCC_WARN_UNDECLARED_SELECTOR = YES;
				GCC_WARN_UNINITIALIZED_AUTOS = YES_AGGRESSIVE;
				GCC_WARN_UNUSED_FUNCTION = YES;
				GCC_WARN_UNUSED_VARIABLE = YES;
				IPHONEOS_DEPLOYMENT_TARGET = 11.2;
				MTL_ENABLE_DEBUG_INFO = YES;
				ONLY_ACTIVE_ARCH = YES;
				SDKROOT = iphoneos;
			};
			name = Debug;
		};
		B514CC8B1FECD788005F4E6B /* Release */ = {
			isa = XCBuildConfiguration;
			buildSettings = {
				ALWAYS_SEARCH_USER_PATHS = NO;
				CLANG_ANALYZER_NONNULL = YES;
				CLANG_ANALYZER_NUMBER_OBJECT_CONVERSION = YES_AGGRESSIVE;
				CLANG_CXX_LANGUAGE_STANDARD = "gnu++14";
				CLANG_CXX_LIBRARY = "libc++";
				CLANG_ENABLE_MODULES = YES;
				CLANG_ENABLE_OBJC_ARC = YES;
				CLANG_WARN_BLOCK_CAPTURE_AUTORELEASING = YES;
				CLANG_WARN_BOOL_CONVERSION = YES;
				CLANG_WARN_COMMA = YES;
				CLANG_WARN_CONSTANT_CONVERSION = YES;
				CLANG_WARN_DIRECT_OBJC_ISA_USAGE = YES_ERROR;
				CLANG_WARN_DOCUMENTATION_COMMENTS = YES;
				CLANG_WARN_EMPTY_BODY = YES;
				CLANG_WARN_ENUM_CONVERSION = YES;
				CLANG_WARN_INFINITE_RECURSION = YES;
				CLANG_WARN_INT_CONVERSION = YES;
				CLANG_WARN_NON_LITERAL_NULL_CONVERSION = YES;
				CLANG_WARN_OBJC_LITERAL_CONVERSION = YES;
				CLANG_WARN_OBJC_ROOT_CLASS = YES_ERROR;
				CLANG_WARN_RANGE_LOOP_ANALYSIS = YES;
				CLANG_WARN_STRICT_PROTOTYPES = YES;
				CLANG_WARN_SUSPICIOUS_MOVE = YES;
				CLANG_WARN_UNGUARDED_AVAILABILITY = YES_AGGRESSIVE;
				CLANG_WARN_UNREACHABLE_CODE = YES;
				CLANG_WARN__DUPLICATE_METHOD_MATCH = YES;
				CODE_SIGN_IDENTITY = "iPhone Developer";
				COPY_PHASE_STRIP = NO;
				DEBUG_INFORMATION_FORMAT = "dwarf-with-dsym";
				ENABLE_NS_ASSERTIONS = NO;
				ENABLE_STRICT_OBJC_MSGSEND = YES;
				GCC_C_LANGUAGE_STANDARD = gnu11;
				GCC_NO_COMMON_BLOCKS = YES;
				GCC_WARN_64_TO_32_BIT_CONVERSION = YES;
				GCC_WARN_ABOUT_RETURN_TYPE = YES_ERROR;
				GCC_WARN_UNDECLARED_SELECTOR = YES;
				GCC_WARN_UNINITIALIZED_AUTOS = YES_AGGRESSIVE;
				GCC_WARN_UNUSED_FUNCTION = YES;
				GCC_WARN_UNUSED_VARIABLE = YES;
				IPHONEOS_DEPLOYMENT_TARGET = 11.2;
				MTL_ENABLE_DEBUG_INFO = NO;
				SDKROOT = iphoneos;
				VALIDATE_PRODUCT = YES;
			};
			name = Release;
		};
		B514CC8D1FECD788005F4E6B /* Debug */ = {
			isa = XCBuildConfiguration;
			buildSettings = {
				ARCHS = "$(ARCHS_STANDARD)";
				ASSETCATALOG_COMPILER_APPICON_NAME = AppIcon;
				CODE_SIGN_STYLE = Automatic;
				DEVELOPMENT_TEAM = 6EKJWC698P;
				ENABLE_BITCODE = NO;
				GCC_NO_COMMON_BLOCKS = NO;
				INFOPLIST_FILE = "$(SRCROOT)/Meridian/Frontend/Info.plist";
				IPHONEOS_DEPLOYMENT_TARGET = 10.0;
				LD_RUNPATH_SEARCH_PATHS = "$(inherited) @executable_path/Frameworks";
				LIBRARY_SEARCH_PATHS = (
					"$(inherited)",
					"$(PROJECT_DIR)/Meridian",
					"$(SYSTEM_LIBRARY_DIR)/Frameworks/IOKit.framework/Versions/A",
				);
				ONLY_ACTIVE_ARCH = YES;
				PRODUCT_BUNDLE_IDENTIFIER = zone.sparkes.Meridian;
				PRODUCT_NAME = "$(TARGET_NAME)";
				TARGETED_DEVICE_FAMILY = "1,2";
				VALID_ARCHS = "armv7 arm64 armv7s";
			};
			name = Debug;
		};
		B514CC8E1FECD788005F4E6B /* Release */ = {
			isa = XCBuildConfiguration;
			buildSettings = {
				ARCHS = "$(ARCHS_STANDARD)";
				ASSETCATALOG_COMPILER_APPICON_NAME = AppIcon;
				CODE_SIGN_STYLE = Automatic;
				DEVELOPMENT_TEAM = 6EKJWC698P;
				ENABLE_BITCODE = NO;
				GCC_NO_COMMON_BLOCKS = NO;
				INFOPLIST_FILE = "$(SRCROOT)/Meridian/Frontend/Info.plist";
				IPHONEOS_DEPLOYMENT_TARGET = 10.0;
				LD_RUNPATH_SEARCH_PATHS = "$(inherited) @executable_path/Frameworks";
				LIBRARY_SEARCH_PATHS = (
					"$(inherited)",
					"$(PROJECT_DIR)/Meridian",
					"$(SYSTEM_LIBRARY_DIR)/Frameworks/IOKit.framework/Versions/A",
				);
				PRODUCT_BUNDLE_IDENTIFIER = zone.sparkes.Meridian;
				PRODUCT_NAME = "$(TARGET_NAME)";
				TARGETED_DEVICE_FAMILY = "1,2";
				VALID_ARCHS = "armv7 arm64 armv7s";
			};
			name = Release;
		};
/* End XCBuildConfiguration section */

/* Begin XCConfigurationList section */
		B514CC711FECD787005F4E6B /* Build configuration list for PBXProject "Meridian" */ = {
			isa = XCConfigurationList;
			buildConfigurations = (
				B514CC8A1FECD788005F4E6B /* Debug */,
				B514CC8B1FECD788005F4E6B /* Release */,
			);
			defaultConfigurationIsVisible = 0;
			defaultConfigurationName = Release;
		};
		B514CC8C1FECD788005F4E6B /* Build configuration list for PBXNativeTarget "Meridian" */ = {
			isa = XCConfigurationList;
			buildConfigurations = (
				B514CC8D1FECD788005F4E6B /* Debug */,
				B514CC8E1FECD788005F4E6B /* Release */,
			);
			defaultConfigurationIsVisible = 0;
			defaultConfigurationName = Release;
		};
/* End XCConfigurationList section */
	};
	rootObject = B514CC6E1FECD787005F4E6B /* Project object */;
}
