// !$*UTF8*$!
{
	archiveVersion = 1;
	classes = {
	};
	objectVersion = 48;
	objects = {

/* Begin PBXBuildFile section */
		B50F79571FF2248D000D6015 /* patchfinder64.c in Sources */ = {isa = PBXBuildFile; fileRef = B50F79401FF2248B000D6015 /* patchfinder64.c */; };
		B50F795C1FF2248D000D6015 /* root-rw.m in Sources */ = {isa = PBXBuildFile; fileRef = B50F79461FF2248B000D6015 /* root-rw.m */; };
		B50F795D1FF2248D000D6015 /* CreditsController.m in Sources */ = {isa = PBXBuildFile; fileRef = B50F79471FF2248B000D6015 /* CreditsController.m */; };
		B50F795F1FF2248D000D6015 /* bootstrap.tar in Resources */ = {isa = PBXBuildFile; fileRef = B50F79491FF2248B000D6015 /* bootstrap.tar */; };
		B50F79601FF2248D000D6015 /* AppDelegate.m in Sources */ = {isa = PBXBuildFile; fileRef = B50F794A1FF2248B000D6015 /* AppDelegate.m */; };
		B50F79631FF2248D000D6015 /* kernel.m in Sources */ = {isa = PBXBuildFile; fileRef = B50F794F1FF2248C000D6015 /* kernel.m */; };
		B50F79641FF2248D000D6015 /* amfi.m in Sources */ = {isa = PBXBuildFile; fileRef = B50F79531FF2248D000D6015 /* amfi.m */; };
		B514CC811FECD788005F4E6B /* Main.storyboard in Resources */ = {isa = PBXBuildFile; fileRef = B514CC7F1FECD788005F4E6B /* Main.storyboard */; };
		B514CC831FECD788005F4E6B /* Assets.xcassets in Resources */ = {isa = PBXBuildFile; fileRef = B514CC821FECD788005F4E6B /* Assets.xcassets */; };
		B514CC861FECD788005F4E6B /* LaunchScreen.storyboard in Resources */ = {isa = PBXBuildFile; fileRef = B514CC841FECD788005F4E6B /* LaunchScreen.storyboard */; };
		B514CC901FECDC71005F4E6B /* ViewController.m in Sources */ = {isa = PBXBuildFile; fileRef = B514CC8F1FECDC71005F4E6B /* ViewController.m */; };
		B578A6542007FD8100C19091 /* v0rtex.m in Sources */ = {isa = PBXBuildFile; fileRef = B5B7C2B51FF353970087619A /* v0rtex.m */; };
		B582405B1FF7533D00D96DB5 /* offsets.m in Sources */ = {isa = PBXBuildFile; fileRef = B582405A1FF7533D00D96DB5 /* offsets.m */; };
		B582405F1FF75A4000D96DB5 /* helpers.m in Sources */ = {isa = PBXBuildFile; fileRef = B582405E1FF75A4000D96DB5 /* helpers.m */; };
		B58581C4200436AB00295515 /* DRMController.m in Sources */ = {isa = PBXBuildFile; fileRef = B58581C3200436AB00295515 /* DRMController.m */; };
		B5895185201D15BF002E0EAD /* injector.tar in Resources */ = {isa = PBXBuildFile; fileRef = B5895184201D15BF002E0EAD /* injector.tar */; };
		B5895189201D185F002E0EAD /* pspawn_hook.tar in Resources */ = {isa = PBXBuildFile; fileRef = B5895188201D185F002E0EAD /* pspawn_hook.tar */; };
		B589518B201D21F2002E0EAD /* amfid.tar in Resources */ = {isa = PBXBuildFile; fileRef = B589518A201D21F2002E0EAD /* amfid.tar */; };
		B589518F201D4280002E0EAD /* jailbreakd.tar in Resources */ = {isa = PBXBuildFile; fileRef = B589518E201D4280002E0EAD /* jailbreakd.tar */; };
		B5895191201D42A0002E0EAD /* SBInject.tar in Resources */ = {isa = PBXBuildFile; fileRef = B5895190201D42A0002E0EAD /* SBInject.tar */; };
		B5895193201D436D002E0EAD /* safemode.tar in Resources */ = {isa = PBXBuildFile; fileRef = B5895192201D436D002E0EAD /* safemode.tar */; };
		B5895195201D4744002E0EAD /* substitute.tar in Resources */ = {isa = PBXBuildFile; fileRef = B5895194201D4744002E0EAD /* substitute.tar */; };
		B5895197201D4B10002E0EAD /* jailbreakd.plist in Resources */ = {isa = PBXBuildFile; fileRef = B5895196201D4B10002E0EAD /* jailbreakd.plist */; };
		B59022361FFF8CCB00691423 /* cydia.tar in Resources */ = {isa = PBXBuildFile; fileRef = B59022351FFF8CCB00691423 /* cydia.tar */; };
		B59532721FFE2B5000022CEE /* LICENSE in Resources */ = {isa = PBXBuildFile; fileRef = B59532701FFE2B5000022CEE /* LICENSE */; };
		B59532891FFE6E9C00022CEE /* dpkg.tar in Resources */ = {isa = PBXBuildFile; fileRef = B59532881FFE6E9C00022CEE /* dpkg.tar */; };
		B595328B1FFE786200022CEE /* libjb.a in Frameworks */ = {isa = PBXBuildFile; fileRef = B595328A1FFE786100022CEE /* libjb.a */; };
		B5B7C2A01FF2BA100087619A /* main.m in Sources */ = {isa = PBXBuildFile; fileRef = B5B7C29F1FF2BA100087619A /* main.m */; };
		B5B7C2AB1FF2C7860087619A /* IOKit.framework in Frameworks */ = {isa = PBXBuildFile; fileRef = B5B7C2AA1FF2C7860087619A /* IOKit.framework */; };
		B5D23C442002AC6600BF184C /* fucksigningservices.m in Sources */ = {isa = PBXBuildFile; fileRef = B5D23C432002AC6600BF184C /* fucksigningservices.m */; };
/* End PBXBuildFile section */

/* Begin PBXFileReference section */
		B50F79391FF2248A000D6015 /* CreditsController.h */ = {isa = PBXFileReference; fileEncoding = 4; lastKnownFileType = sourcecode.c.h; path = CreditsController.h; sourceTree = "<group>"; };
		B50F793B1FF2248A000D6015 /* common.h */ = {isa = PBXFileReference; fileEncoding = 4; lastKnownFileType = sourcecode.c.h; path = common.h; sourceTree = "<group>"; };
		B50F79401FF2248B000D6015 /* patchfinder64.c */ = {isa = PBXFileReference; fileEncoding = 4; lastKnownFileType = sourcecode.c.c; path = patchfinder64.c; sourceTree = "<group>"; };
		B50F79461FF2248B000D6015 /* root-rw.m */ = {isa = PBXFileReference; fileEncoding = 4; lastKnownFileType = sourcecode.c.objc; path = "root-rw.m"; sourceTree = "<group>"; };
		B50F79471FF2248B000D6015 /* CreditsController.m */ = {isa = PBXFileReference; fileEncoding = 4; lastKnownFileType = sourcecode.c.objc; path = CreditsController.m; sourceTree = "<group>"; };
		B50F79481FF2248B000D6015 /* main.m */ = {isa = PBXFileReference; fileEncoding = 4; lastKnownFileType = sourcecode.c.objc; path = main.m; sourceTree = "<group>"; };
		B50F79491FF2248B000D6015 /* bootstrap.tar */ = {isa = PBXFileReference; lastKnownFileType = archive.tar; path = bootstrap.tar; sourceTree = "<group>"; };
		B50F794A1FF2248B000D6015 /* AppDelegate.m */ = {isa = PBXFileReference; fileEncoding = 4; lastKnownFileType = sourcecode.c.objc; path = AppDelegate.m; sourceTree = "<group>"; };
		B50F794C1FF2248C000D6015 /* patchfinder64.h */ = {isa = PBXFileReference; fileEncoding = 4; lastKnownFileType = sourcecode.c.h; path = patchfinder64.h; sourceTree = "<group>"; };
		B50F794E1FF2248C000D6015 /* amfi.h */ = {isa = PBXFileReference; fileEncoding = 4; lastKnownFileType = sourcecode.c.h; path = amfi.h; sourceTree = "<group>"; };
		B50F794F1FF2248C000D6015 /* kernel.m */ = {isa = PBXFileReference; fileEncoding = 4; lastKnownFileType = sourcecode.c.objc; path = kernel.m; sourceTree = "<group>"; };
		B50F79511FF2248C000D6015 /* kernel.h */ = {isa = PBXFileReference; fileEncoding = 4; lastKnownFileType = sourcecode.c.h; path = kernel.h; sourceTree = "<group>"; };
		B50F79521FF2248C000D6015 /* root-rw.h */ = {isa = PBXFileReference; fileEncoding = 4; lastKnownFileType = sourcecode.c.h; path = "root-rw.h"; sourceTree = "<group>"; };
		B50F79531FF2248D000D6015 /* amfi.m */ = {isa = PBXFileReference; fileEncoding = 4; lastKnownFileType = sourcecode.c.objc; path = amfi.m; sourceTree = "<group>"; };
		B514CC761FECD788005F4E6B /* Meridian.app */ = {isa = PBXFileReference; explicitFileType = wrapper.application; includeInIndex = 0; path = Meridian.app; sourceTree = BUILT_PRODUCTS_DIR; };
		B514CC791FECD788005F4E6B /* AppDelegate.h */ = {isa = PBXFileReference; lastKnownFileType = sourcecode.c.h; path = AppDelegate.h; sourceTree = "<group>"; };
		B514CC7C1FECD788005F4E6B /* ViewController.h */ = {isa = PBXFileReference; lastKnownFileType = sourcecode.c.h; path = ViewController.h; sourceTree = "<group>"; };
		B514CC801FECD788005F4E6B /* Base */ = {isa = PBXFileReference; lastKnownFileType = file.storyboard; name = Base; path = Base.lproj/Main.storyboard; sourceTree = "<group>"; };
		B514CC821FECD788005F4E6B /* Assets.xcassets */ = {isa = PBXFileReference; lastKnownFileType = folder.assetcatalog; path = Assets.xcassets; sourceTree = "<group>"; };
		B514CC851FECD788005F4E6B /* Base */ = {isa = PBXFileReference; lastKnownFileType = file.storyboard; name = Base; path = Base.lproj/LaunchScreen.storyboard; sourceTree = "<group>"; };
		B514CC871FECD788005F4E6B /* Info.plist */ = {isa = PBXFileReference; lastKnownFileType = text.plist.xml; path = Info.plist; sourceTree = "<group>"; };
		B514CC8F1FECDC71005F4E6B /* ViewController.m */ = {isa = PBXFileReference; fileEncoding = 4; lastKnownFileType = sourcecode.c.objc; path = ViewController.m; sourceTree = "<group>"; };
		B582405A1FF7533D00D96DB5 /* offsets.m */ = {isa = PBXFileReference; lastKnownFileType = sourcecode.c.objc; path = offsets.m; sourceTree = "<group>"; };
		B582405C1FF753EC00D96DB5 /* offsets.h */ = {isa = PBXFileReference; lastKnownFileType = sourcecode.c.h; path = offsets.h; sourceTree = "<group>"; };
		B582405D1FF75A4000D96DB5 /* helpers.h */ = {isa = PBXFileReference; lastKnownFileType = sourcecode.c.h; path = helpers.h; sourceTree = "<group>"; };
		B582405E1FF75A4000D96DB5 /* helpers.m */ = {isa = PBXFileReference; lastKnownFileType = sourcecode.c.objc; path = helpers.m; sourceTree = "<group>"; };
		B58581C3200436AB00295515 /* DRMController.m */ = {isa = PBXFileReference; lastKnownFileType = sourcecode.c.objc; path = DRMController.m; sourceTree = "<group>"; };
		B58581C52004372E00295515 /* DRMController.h */ = {isa = PBXFileReference; lastKnownFileType = sourcecode.c.h; path = DRMController.h; sourceTree = "<group>"; };
		B589517E201D07DB002E0EAD /* amfid */ = {isa = PBXFileReference; lastKnownFileType = folder; path = amfid; sourceTree = "<group>"; };
		B5895180201D07EC002E0EAD /* binpack_creator */ = {isa = PBXFileReference; lastKnownFileType = folder; path = binpack_creator; sourceTree = "<group>"; };
		B5895182201D07FD002E0EAD /* injector */ = {isa = PBXFileReference; lastKnownFileType = folder; path = injector; sourceTree = "<group>"; };
		B5895184201D15BF002E0EAD /* injector.tar */ = {isa = PBXFileReference; lastKnownFileType = archive.tar; path = injector.tar; sourceTree = "<group>"; };
		B5895186201D15E7002E0EAD /* pspawn_hook */ = {isa = PBXFileReference; lastKnownFileType = folder; path = pspawn_hook; sourceTree = "<group>"; };
		B5895188201D185F002E0EAD /* pspawn_hook.tar */ = {isa = PBXFileReference; lastKnownFileType = archive.tar; path = pspawn_hook.tar; sourceTree = "<group>"; };
		B589518A201D21F2002E0EAD /* amfid.tar */ = {isa = PBXFileReference; lastKnownFileType = archive.tar; path = amfid.tar; sourceTree = "<group>"; };
		B589518C201D4018002E0EAD /* jailbreakd */ = {isa = PBXFileReference; lastKnownFileType = folder; path = jailbreakd; sourceTree = "<group>"; };
		B589518E201D4280002E0EAD /* jailbreakd.tar */ = {isa = PBXFileReference; lastKnownFileType = archive.tar; path = jailbreakd.tar; sourceTree = "<group>"; };
		B5895190201D42A0002E0EAD /* SBInject.tar */ = {isa = PBXFileReference; lastKnownFileType = archive.tar; path = SBInject.tar; sourceTree = "<group>"; };
		B5895192201D436D002E0EAD /* safemode.tar */ = {isa = PBXFileReference; lastKnownFileType = archive.tar; path = safemode.tar; sourceTree = "<group>"; };
		B5895194201D4744002E0EAD /* substitute.tar */ = {isa = PBXFileReference; lastKnownFileType = archive.tar; path = substitute.tar; sourceTree = "<group>"; };
		B5895196201D4B10002E0EAD /* jailbreakd.plist */ = {isa = PBXFileReference; fileEncoding = 4; lastKnownFileType = text.plist.xml; path = jailbreakd.plist; sourceTree = "<group>"; };
		B59022351FFF8CCB00691423 /* cydia.tar */ = {isa = PBXFileReference; lastKnownFileType = archive.tar; path = cydia.tar; sourceTree = "<group>"; };
		B59532701FFE2B5000022CEE /* LICENSE */ = {isa = PBXFileReference; fileEncoding = 4; lastKnownFileType = text; name = LICENSE; path = ../LICENSE; sourceTree = "<group>"; };
		B59532711FFE2B5000022CEE /* README.md */ = {isa = PBXFileReference; fileEncoding = 4; lastKnownFileType = net.daringfireball.markdown; name = README.md; path = ../README.md; sourceTree = "<group>"; };
		B59532841FFE6B7B00022CEE /* v0rtex.m.new */ = {isa = PBXFileReference; fileEncoding = 4; lastKnownFileType = text; path = v0rtex.m.new; sourceTree = "<group>"; };
		B59532851FFE6B7B00022CEE /* v0rtex.h.new */ = {isa = PBXFileReference; fileEncoding = 4; lastKnownFileType = text; path = v0rtex.h.new; sourceTree = "<group>"; };
		B59532881FFE6E9C00022CEE /* dpkg.tar */ = {isa = PBXFileReference; lastKnownFileType = archive.tar; path = dpkg.tar; sourceTree = "<group>"; };
		B595328A1FFE786100022CEE /* libjb.a */ = {isa = PBXFileReference; lastKnownFileType = archive.ar; path = libjb.a; sourceTree = "<group>"; };
		B595328C1FFE786700022CEE /* libjb.h */ = {isa = PBXFileReference; lastKnownFileType = sourcecode.c.h; path = libjb.h; sourceTree = "<group>"; };
		B5B7C29F1FF2BA100087619A /* main.m */ = {isa = PBXFileReference; fileEncoding = 4; lastKnownFileType = sourcecode.c.objc; path = main.m; sourceTree = "<group>"; };
		B5B7C2A81FF2C7700087619A /* IOKit */ = {isa = PBXFileReference; lastKnownFileType = "compiled.mach-o.dylib"; name = IOKit; path = ../../../../../../System/Library/Frameworks/IOKit.framework/Versions/A/IOKit; sourceTree = "<group>"; };
		B5B7C2AA1FF2C7860087619A /* IOKit.framework */ = {isa = PBXFileReference; lastKnownFileType = wrapper.framework; name = IOKit.framework; path = ../../../../../../System/Library/Frameworks/IOKit.framework; sourceTree = "<group>"; };
		B5B7C2B51FF353970087619A /* v0rtex.m */ = {isa = PBXFileReference; fileEncoding = 4; lastKnownFileType = sourcecode.c.objc; path = v0rtex.m; sourceTree = "<group>"; };
		B5B7C2B61FF353980087619A /* v0rtex.h */ = {isa = PBXFileReference; fileEncoding = 4; lastKnownFileType = sourcecode.c.h; path = v0rtex.h; sourceTree = "<group>"; };
		B5D23C432002AC6600BF184C /* fucksigningservices.m */ = {isa = PBXFileReference; lastKnownFileType = sourcecode.c.objc; path = fucksigningservices.m; sourceTree = "<group>"; };
		B5D23C452002B0C600BF184C /* fucksigningservices.h */ = {isa = PBXFileReference; lastKnownFileType = sourcecode.c.h; path = fucksigningservices.h; sourceTree = "<group>"; };
/* End PBXFileReference section */

/* Begin PBXFrameworksBuildPhase section */
		B514CC731FECD788005F4E6B /* Frameworks */ = {
			isa = PBXFrameworksBuildPhase;
			buildActionMask = 2147483647;
			files = (
				B5B7C2AB1FF2C7860087619A /* IOKit.framework in Frameworks */,
				B595328B1FFE786200022CEE /* libjb.a in Frameworks */,
			);
			runOnlyForDeploymentPostprocessing = 0;
		};
/* End PBXFrameworksBuildPhase section */

/* Begin PBXGroup section */
		B50F79671FF224F0000D6015 /* Frontend */ = {
			isa = PBXGroup;
			children = (
				B514CC871FECD788005F4E6B /* Info.plist */,
				B514CC791FECD788005F4E6B /* AppDelegate.h */,
				B50F794A1FF2248B000D6015 /* AppDelegate.m */,
				B50F79391FF2248A000D6015 /* CreditsController.h */,
				B50F79471FF2248B000D6015 /* CreditsController.m */,
				B58581C52004372E00295515 /* DRMController.h */,
				B58581C3200436AB00295515 /* DRMController.m */,
				B514CC7C1FECD788005F4E6B /* ViewController.h */,
				B514CC8F1FECDC71005F4E6B /* ViewController.m */,
				B514CC821FECD788005F4E6B /* Assets.xcassets */,
				B514CC7F1FECD788005F4E6B /* Main.storyboard */,
				B514CC841FECD788005F4E6B /* LaunchScreen.storyboard */,
			);
			path = Frontend;
			sourceTree = "<group>";
		};
		B514CC6D1FECD787005F4E6B = {
			isa = PBXGroup;
			children = (
				B59532701FFE2B5000022CEE /* LICENSE */,
				B59532711FFE2B5000022CEE /* README.md */,
				B589517E201D07DB002E0EAD /* amfid */,
				B5895180201D07EC002E0EAD /* binpack_creator */,
				B5895182201D07FD002E0EAD /* injector */,
				B5895186201D15E7002E0EAD /* pspawn_hook */,
				B589518C201D4018002E0EAD /* jailbreakd */,
				B514CC781FECD788005F4E6B /* Meridian */,
				B514CC771FECD788005F4E6B /* Products */,
				B5C368AD1FF2B80400D7724F /* Recovered References */,
				B5B7C2A31FF2C5CE0087619A /* Frameworks */,
			);
			sourceTree = "<group>";
		};
		B514CC771FECD788005F4E6B /* Products */ = {
			isa = PBXGroup;
			children = (
				B514CC761FECD788005F4E6B /* Meridian.app */,
			);
			name = Products;
			sourceTree = "<group>";
		};
		B514CC781FECD788005F4E6B /* Meridian */ = {
			isa = PBXGroup;
			children = (
				B50F79671FF224F0000D6015 /* Frontend */,
				B589518A201D21F2002E0EAD /* amfid.tar */,
				B50F79491FF2248B000D6015 /* bootstrap.tar */,
				B59022351FFF8CCB00691423 /* cydia.tar */,
				B59532881FFE6E9C00022CEE /* dpkg.tar */,
				B5895184201D15BF002E0EAD /* injector.tar */,
				B589518E201D4280002E0EAD /* jailbreakd.tar */,
				B5895188201D185F002E0EAD /* pspawn_hook.tar */,
				B5895192201D436D002E0EAD /* safemode.tar */,
				B5895190201D42A0002E0EAD /* SBInject.tar */,
				B5895194201D4744002E0EAD /* substitute.tar */,
				B5895196201D4B10002E0EAD /* jailbreakd.plist */,
				B50F794E1FF2248C000D6015 /* amfi.h */,
				B50F79531FF2248D000D6015 /* amfi.m */,
				B50F793B1FF2248A000D6015 /* common.h */,
				B5D23C452002B0C600BF184C /* fucksigningservices.h */,
				B5D23C432002AC6600BF184C /* fucksigningservices.m */,
				B582405D1FF75A4000D96DB5 /* helpers.h */,
				B582405E1FF75A4000D96DB5 /* helpers.m */,
				B50F79511FF2248C000D6015 /* kernel.h */,
				B50F794F1FF2248C000D6015 /* kernel.m */,
				B595328C1FFE786700022CEE /* libjb.h */,
				B595328A1FFE786100022CEE /* libjb.a */,
				B5B7C29F1FF2BA100087619A /* main.m */,
				B582405C1FF753EC00D96DB5 /* offsets.h */,
				B582405A1FF7533D00D96DB5 /* offsets.m */,
				B50F794C1FF2248C000D6015 /* patchfinder64.h */,
				B50F79401FF2248B000D6015 /* patchfinder64.c */,
				B50F79521FF2248C000D6015 /* root-rw.h */,
				B50F79461FF2248B000D6015 /* root-rw.m */,
				B5B7C2B61FF353980087619A /* v0rtex.h */,
				B5B7C2B51FF353970087619A /* v0rtex.m */,
				B59532851FFE6B7B00022CEE /* v0rtex.h.new */,
				B59532841FFE6B7B00022CEE /* v0rtex.m.new */,
			);
			path = Meridian;
			sourceTree = "<group>";
		};
		B5B7C2A31FF2C5CE0087619A /* Frameworks */ = {
			isa = PBXGroup;
			children = (
				B5B7C2AA1FF2C7860087619A /* IOKit.framework */,
				B5B7C2A81FF2C7700087619A /* IOKit */,
			);
			name = Frameworks;
			sourceTree = "<group>";
		};
		B5C368AD1FF2B80400D7724F /* Recovered References */ = {
			isa = PBXGroup;
			children = (
				B50F79481FF2248B000D6015 /* main.m */,
			);
			name = "Recovered References";
			sourceTree = "<group>";
		};
/* End PBXGroup section */

/* Begin PBXNativeTarget section */
		B514CC751FECD788005F4E6B /* Meridian */ = {
			isa = PBXNativeTarget;
			buildConfigurationList = B514CC8C1FECD788005F4E6B /* Build configuration list for PBXNativeTarget "Meridian" */;
			buildPhases = (
				B52C43BB200BCC920047B1B4 /* ShellScript */,
				B514CC721FECD788005F4E6B /* Sources */,
				B514CC731FECD788005F4E6B /* Frameworks */,
				B514CC741FECD788005F4E6B /* Resources */,
			);
			buildRules = (
			);
			dependencies = (
			);
			name = Meridian;
			productName = Meridian;
			productReference = B514CC761FECD788005F4E6B /* Meridian.app */;
			productType = "com.apple.product-type.application";
		};
/* End PBXNativeTarget section */

/* Begin PBXProject section */
		B514CC6E1FECD787005F4E6B /* Project object */ = {
			isa = PBXProject;
			attributes = {
				LastUpgradeCheck = 0920;
				ORGANIZATIONNAME = "Ben Sparkes";
				TargetAttributes = {
					B514CC751FECD788005F4E6B = {
						CreatedOnToolsVersion = 9.2;
						ProvisioningStyle = Automatic;
					};
				};
			};
			buildConfigurationList = B514CC711FECD787005F4E6B /* Build configuration list for PBXProject "Meridian" */;
			compatibilityVersion = "Xcode 8.0";
			developmentRegion = en;
			hasScannedForEncodings = 0;
			knownRegions = (
				en,
				Base,
			);
			mainGroup = B514CC6D1FECD787005F4E6B;
			productRefGroup = B514CC771FECD788005F4E6B /* Products */;
			projectDirPath = "";
			projectRoot = "";
			targets = (
				B514CC751FECD788005F4E6B /* Meridian */,
			);
		};
/* End PBXProject section */

/* Begin PBXResourcesBuildPhase section */
		B514CC741FECD788005F4E6B /* Resources */ = {
			isa = PBXResourcesBuildPhase;
			buildActionMask = 2147483647;
			files = (
				B514CC831FECD788005F4E6B /* Assets.xcassets in Resources */,
				B514CC811FECD788005F4E6B /* Main.storyboard in Resources */,
				B514CC861FECD788005F4E6B /* LaunchScreen.storyboard in Resources */,
				B59532721FFE2B5000022CEE /* LICENSE in Resources */,
				B5895197201D4B10002E0EAD /* jailbreakd.plist in Resources */,
				B589518B201D21F2002E0EAD /* amfid.tar in Resources */,
				B50F795F1FF2248D000D6015 /* bootstrap.tar in Resources */,
				B59022361FFF8CCB00691423 /* cydia.tar in Resources */,
				B59532891FFE6E9C00022CEE /* dpkg.tar in Resources */,
				B5895185201D15BF002E0EAD /* injector.tar in Resources */,
				B589518F201D4280002E0EAD /* jailbreakd.tar in Resources */,
				B5895189201D185F002E0EAD /* pspawn_hook.tar in Resources */,
				B5895193201D436D002E0EAD /* safemode.tar in Resources */,
				B5895191201D42A0002E0EAD /* SBInject.tar in Resources */,
				B5895195201D4744002E0EAD /* substitute.tar in Resources */,
			);
			runOnlyForDeploymentPostprocessing = 0;
		};
/* End PBXResourcesBuildPhase section */

/* Begin PBXShellScriptBuildPhase section */
		B52C43BB200BCC920047B1B4 /* ShellScript */ = {
			isa = PBXShellScriptBuildPhase;
			buildActionMask = 2147483647;
			files = (
			);
			inputPaths = (
				"$(SRCROOT)/amfid/compile.sh",
				"$(SRCROOT)/injector/compile.sh",
				"$(SRCROOT)/pspawn_hook/compile.sh",
				"$(SRCROOT)/jailbreakd/compile.sh",
			);
			outputPaths = (
			);
			runOnlyForDeploymentPostprocessing = 0;
			shellPath = /bin/sh;
			shellScript = "for ((i=0; i<SCRIPT_INPUT_FILE_COUNT;i++))\ndo\n  inputFile=`eval echo '$SCRIPT_INPUT_FILE_'$i`\n  echo Running $inputFile...\n  `$inputFile`\ndone";
		};
/* End PBXShellScriptBuildPhase section */

/* Begin PBXSourcesBuildPhase section */
		B514CC721FECD788005F4E6B /* Sources */ = {
			isa = PBXSourcesBuildPhase;
			buildActionMask = 2147483647;
			files = (
				B578A6542007FD8100C19091 /* v0rtex.m in Sources */,
				B582405F1FF75A4000D96DB5 /* helpers.m in Sources */,
				B58581C4200436AB00295515 /* DRMController.m in Sources */,
				B5B7C2A01FF2BA100087619A /* main.m in Sources */,
				B50F79641FF2248D000D6015 /* amfi.m in Sources */,
				B50F79631FF2248D000D6015 /* kernel.m in Sources */,
				B50F79601FF2248D000D6015 /* AppDelegate.m in Sources */,
				B50F795D1FF2248D000D6015 /* CreditsController.m in Sources */,
				B514CC901FECDC71005F4E6B /* ViewController.m in Sources */,
				B5D23C442002AC6600BF184C /* fucksigningservices.m in Sources */,
				B50F79571FF2248D000D6015 /* patchfinder64.c in Sources */,
				B582405B1FF7533D00D96DB5 /* offsets.m in Sources */,
				B50F795C1FF2248D000D6015 /* root-rw.m in Sources */,
			);
			runOnlyForDeploymentPostprocessing = 0;
		};
/* End PBXSourcesBuildPhase section */

/* Begin PBXVariantGroup section */
		B514CC7F1FECD788005F4E6B /* Main.storyboard */ = {
			isa = PBXVariantGroup;
			children = (
				B514CC801FECD788005F4E6B /* Base */,
			);
			name = Main.storyboard;
			sourceTree = "<group>";
		};
		B514CC841FECD788005F4E6B /* LaunchScreen.storyboard */ = {
			isa = PBXVariantGroup;
			children = (
				B514CC851FECD788005F4E6B /* Base */,
			);
			name = LaunchScreen.storyboard;
			sourceTree = "<group>";
		};
/* End PBXVariantGroup section */

/* Begin XCBuildConfiguration section */
		B514CC8A1FECD788005F4E6B /* Debug */ = {
			isa = XCBuildConfiguration;
			buildSettings = {
				ALWAYS_SEARCH_USER_PATHS = NO;
				CLANG_ANALYZER_NONNULL = YES;
				CLANG_ANALYZER_NUMBER_OBJECT_CONVERSION = YES_AGGRESSIVE;
				CLANG_CXX_LANGUAGE_STANDARD = "gnu++14";
				CLANG_CXX_LIBRARY = "libc++";
				CLANG_ENABLE_MODULES = YES;
				CLANG_ENABLE_OBJC_ARC = YES;
				CLANG_WARN_BLOCK_CAPTURE_AUTORELEASING = YES;
				CLANG_WARN_BOOL_CONVERSION = YES;
				CLANG_WARN_COMMA = YES;
				CLANG_WARN_CONSTANT_CONVERSION = YES;
				CLANG_WARN_DIRECT_OBJC_ISA_USAGE = YES_ERROR;
				CLANG_WARN_DOCUMENTATION_COMMENTS = YES;
				CLANG_WARN_EMPTY_BODY = YES;
				CLANG_WARN_ENUM_CONVERSION = YES;
				CLANG_WARN_INFINITE_RECURSION = YES;
				CLANG_WARN_INT_CONVERSION = YES;
				CLANG_WARN_NON_LITERAL_NULL_CONVERSION = YES;
				CLANG_WARN_OBJC_LITERAL_CONVERSION = YES;
				CLANG_WARN_OBJC_ROOT_CLASS = YES_ERROR;
				CLANG_WARN_RANGE_LOOP_ANALYSIS = YES;
				CLANG_WARN_STRICT_PROTOTYPES = YES;
				CLANG_WARN_SUSPICIOUS_MOVE = YES;
				CLANG_WARN_UNGUARDED_AVAILABILITY = YES_AGGRESSIVE;
				CLANG_WARN_UNREACHABLE_CODE = YES;
				CLANG_WARN__DUPLICATE_METHOD_MATCH = YES;
				CODE_SIGN_IDENTITY = "iPhone Developer";
				COPY_PHASE_STRIP = NO;
				DEBUG_INFORMATION_FORMAT = dwarf;
				ENABLE_STRICT_OBJC_MSGSEND = YES;
				ENABLE_TESTABILITY = YES;
				GCC_C_LANGUAGE_STANDARD = gnu11;
				GCC_DYNAMIC_NO_PIC = NO;
				GCC_NO_COMMON_BLOCKS = YES;
				GCC_OPTIMIZATION_LEVEL = 0;
				GCC_PREPROCESSOR_DEFINITIONS = (
					"DEBUG=1",
					"$(inherited)",
				);
				GCC_WARN_64_TO_32_BIT_CONVERSION = YES;
				GCC_WARN_ABOUT_RETURN_TYPE = YES_ERROR;
				GCC_WARN_UNDECLARED_SELECTOR = YES;
				GCC_WARN_UNINITIALIZED_AUTOS = YES_AGGRESSIVE;
				GCC_WARN_UNUSED_FUNCTION = YES;
				GCC_WARN_UNUSED_VARIABLE = YES;
				IPHONEOS_DEPLOYMENT_TARGET = 11.2;
				MTL_ENABLE_DEBUG_INFO = YES;
				ONLY_ACTIVE_ARCH = YES;
				SDKROOT = iphoneos;
			};
			name = Debug;
		};
		B514CC8B1FECD788005F4E6B /* Release */ = {
			isa = XCBuildConfiguration;
			buildSettings = {
				ALWAYS_SEARCH_USER_PATHS = NO;
				CLANG_ANALYZER_NONNULL = YES;
				CLANG_ANALYZER_NUMBER_OBJECT_CONVERSION = YES_AGGRESSIVE;
				CLANG_CXX_LANGUAGE_STANDARD = "gnu++14";
				CLANG_CXX_LIBRARY = "libc++";
				CLANG_ENABLE_MODULES = YES;
				CLANG_ENABLE_OBJC_ARC = YES;
				CLANG_WARN_BLOCK_CAPTURE_AUTORELEASING = YES;
				CLANG_WARN_BOOL_CONVERSION = YES;
				CLANG_WARN_COMMA = YES;
				CLANG_WARN_CONSTANT_CONVERSION = YES;
				CLANG_WARN_DIRECT_OBJC_ISA_USAGE = YES_ERROR;
				CLANG_WARN_DOCUMENTATION_COMMENTS = YES;
				CLANG_WARN_EMPTY_BODY = YES;
				CLANG_WARN_ENUM_CONVERSION = YES;
				CLANG_WARN_INFINITE_RECURSION = YES;
				CLANG_WARN_INT_CONVERSION = YES;
				CLANG_WARN_NON_LITERAL_NULL_CONVERSION = YES;
				CLANG_WARN_OBJC_LITERAL_CONVERSION = YES;
				CLANG_WARN_OBJC_ROOT_CLASS = YES_ERROR;
				CLANG_WARN_RANGE_LOOP_ANALYSIS = YES;
				CLANG_WARN_STRICT_PROTOTYPES = YES;
				CLANG_WARN_SUSPICIOUS_MOVE = YES;
				CLANG_WARN_UNGUARDED_AVAILABILITY = YES_AGGRESSIVE;
				CLANG_WARN_UNREACHABLE_CODE = YES;
				CLANG_WARN__DUPLICATE_METHOD_MATCH = YES;
				CODE_SIGN_IDENTITY = "iPhone Developer";
				COPY_PHASE_STRIP = NO;
				DEBUG_INFORMATION_FORMAT = "dwarf-with-dsym";
				ENABLE_NS_ASSERTIONS = NO;
				ENABLE_STRICT_OBJC_MSGSEND = YES;
				GCC_C_LANGUAGE_STANDARD = gnu11;
				GCC_NO_COMMON_BLOCKS = YES;
				GCC_WARN_64_TO_32_BIT_CONVERSION = YES;
				GCC_WARN_ABOUT_RETURN_TYPE = YES_ERROR;
				GCC_WARN_UNDECLARED_SELECTOR = YES;
				GCC_WARN_UNINITIALIZED_AUTOS = YES_AGGRESSIVE;
				GCC_WARN_UNUSED_FUNCTION = YES;
				GCC_WARN_UNUSED_VARIABLE = YES;
				IPHONEOS_DEPLOYMENT_TARGET = 11.2;
				MTL_ENABLE_DEBUG_INFO = NO;
				SDKROOT = iphoneos;
				VALIDATE_PRODUCT = YES;
			};
			name = Release;
		};
		B514CC8D1FECD788005F4E6B /* Debug */ = {
			isa = XCBuildConfiguration;
			buildSettings = {
				ARCHS = "$(ARCHS_STANDARD)";
				ASSETCATALOG_COMPILER_APPICON_NAME = "AppIcon-1";
				"CODE_SIGN_IDENTITY[sdk=iphoneos*]" = "iPhone Developer";
				CODE_SIGN_STYLE = Automatic;
				DEVELOPMENT_TEAM = 6EKJWC698P;
				ENABLE_BITCODE = NO;
				GCC_NO_COMMON_BLOCKS = NO;
				INFOPLIST_FILE = "$(SRCROOT)/Meridian/Frontend/Info.plist";
				IPHONEOS_DEPLOYMENT_TARGET = 10.0;
				LD_RUNPATH_SEARCH_PATHS = "$(inherited) @executable_path/Frameworks";
				LIBRARY_SEARCH_PATHS = (
					"$(inherited)",
					"$(PROJECT_DIR)/Meridian",
					"$(SYSTEM_LIBRARY_DIR)/Frameworks/IOKit.framework/Versions/A",
				);
				ONLY_ACTIVE_ARCH = YES;
				PRODUCT_BUNDLE_IDENTIFIER = zone.sparkes.MeridianJB1;
				PRODUCT_NAME = "$(TARGET_NAME)";
				PROVISIONING_PROFILE_SPECIFIER = "";
				TARGETED_DEVICE_FAMILY = "1,2";
				VALID_ARCHS = "armv7 arm64 armv7s";
			};
			name = Debug;
		};
		B514CC8E1FECD788005F4E6B /* Release */ = {
			isa = XCBuildConfiguration;
			buildSettings = {
				ARCHS = "$(ARCHS_STANDARD)";
				ASSETCATALOG_COMPILER_APPICON_NAME = "AppIcon-1";
				"CODE_SIGN_IDENTITY[sdk=iphoneos*]" = "iPhone Developer";
				CODE_SIGN_STYLE = Automatic;
				DEVELOPMENT_TEAM = 6EKJWC698P;
				ENABLE_BITCODE = NO;
				GCC_NO_COMMON_BLOCKS = NO;
				INFOPLIST_FILE = "$(SRCROOT)/Meridian/Frontend/Info.plist";
				IPHONEOS_DEPLOYMENT_TARGET = 10.0;
				LD_RUNPATH_SEARCH_PATHS = "$(inherited) @executable_path/Frameworks";
				LIBRARY_SEARCH_PATHS = (
					"$(inherited)",
					"$(PROJECT_DIR)/Meridian",
					"$(SYSTEM_LIBRARY_DIR)/Frameworks/IOKit.framework/Versions/A",
				);
				PRODUCT_BUNDLE_IDENTIFIER = zone.sparkes.MeridianJB1;
				PRODUCT_NAME = "$(TARGET_NAME)";
				PROVISIONING_PROFILE_SPECIFIER = "";
				TARGETED_DEVICE_FAMILY = "1,2";
				VALID_ARCHS = "armv7 arm64 armv7s";
			};
			name = Release;
		};
/* End XCBuildConfiguration section */

/* Begin XCConfigurationList section */
		B514CC711FECD787005F4E6B /* Build configuration list for PBXProject "Meridian" */ = {
			isa = XCConfigurationList;
			buildConfigurations = (
				B514CC8A1FECD788005F4E6B /* Debug */,
				B514CC8B1FECD788005F4E6B /* Release */,
			);
			defaultConfigurationIsVisible = 0;
			defaultConfigurationName = Release;
		};
		B514CC8C1FECD788005F4E6B /* Build configuration list for PBXNativeTarget "Meridian" */ = {
			isa = XCConfigurationList;
			buildConfigurations = (
				B514CC8D1FECD788005F4E6B /* Debug */,
				B514CC8E1FECD788005F4E6B /* Release */,
			);
			defaultConfigurationIsVisible = 0;
			defaultConfigurationName = Release;
		};
/* End XCConfigurationList section */
	};
	rootObject = B514CC6E1FECD787005F4E6B /* Project object */;
}
